// !$*UTF8*$!
{
	archiveVersion = 1;
	classes = {
	};
	objectVersion = 46;
	objects = {

/* Begin PBXBuildFile section */
		830851581BB15B2E0015A6CA /* AppDelegate.swift in Sources */ = {isa = PBXBuildFile; fileRef = 830851571BB15B2E0015A6CA /* AppDelegate.swift */; };
		8308515F1BB15B2E0015A6CA /* Main.storyboard in Resources */ = {isa = PBXBuildFile; fileRef = 8308515D1BB15B2E0015A6CA /* Main.storyboard */; };
		830851611BB15B2E0015A6CA /* Images.xcassets in Resources */ = {isa = PBXBuildFile; fileRef = 830851601BB15B2E0015A6CA /* Images.xcassets */; };
		830851641BB15B2E0015A6CA /* LaunchScreen.xib in Resources */ = {isa = PBXBuildFile; fileRef = 830851621BB15B2E0015A6CA /* LaunchScreen.xib */; };
		830851701BB15B2E0015A6CA /* Bliss_BomsTests.swift in Sources */ = {isa = PBXBuildFile; fileRef = 8308516F1BB15B2E0015A6CA /* Bliss_BomsTests.swift */; };
		8308517A1BB1639B0015A6CA /* ViewController1.swift in Sources */ = {isa = PBXBuildFile; fileRef = 830851791BB1639B0015A6CA /* ViewController1.swift */; };
		8308517C1BB163C90015A6CA /* ViewController2.swift in Sources */ = {isa = PBXBuildFile; fileRef = 8308517B1BB163C90015A6CA /* ViewController2.swift */; };
		8308517E1BB163EC0015A6CA /* ViewController3.swift in Sources */ = {isa = PBXBuildFile; fileRef = 8308517D1BB163EC0015A6CA /* ViewController3.swift */; };
		830851891BB165EA0015A6CA /* PageItemController.swift in Sources */ = {isa = PBXBuildFile; fileRef = 830851881BB165EA0015A6CA /* PageItemController.swift */; };
		8308518B1BB166200015A6CA /* CardView.swift in Sources */ = {isa = PBXBuildFile; fileRef = 8308518A1BB166200015A6CA /* CardView.swift */; };
		8308518D1BB166790015A6CA /* TapLabelView.swift in Sources */ = {isa = PBXBuildFile; fileRef = 8308518C1BB166790015A6CA /* TapLabelView.swift */; };
		8308518F1BB166850015A6CA /* ReadingView.swift in Sources */ = {isa = PBXBuildFile; fileRef = 8308518E1BB166850015A6CA /* ReadingView.swift */; };
		830851921BB166AC0015A6CA /* Config.swift in Sources */ = {isa = PBXBuildFile; fileRef = 830851911BB166AC0015A6CA /* Config.swift */; };
		834B17841BD8AE5D00D3F067 /* SnakeController.swift in Sources */ = {isa = PBXBuildFile; fileRef = 834B17831BD8AE5D00D3F067 /* SnakeController.swift */; };
		834B3B2E1BD3511E00171623 /* ReadingManager.swift in Sources */ = {isa = PBXBuildFile; fileRef = 834B3B2D1BD3511E00171623 /* ReadingManager.swift */; };
		834B59281BBA4DEC0067D8EB /* GameController.swift in Sources */ = {isa = PBXBuildFile; fileRef = 834B59271BBA4DEC0067D8EB /* GameController.swift */; };
		834DA5F61BB3C58800A9B2BF /* DealController.swift in Sources */ = {isa = PBXBuildFile; fileRef = 834DA5F51BB3C58800A9B2BF /* DealController.swift */; };
		834DA8BE1BD267E50066C8C0 /* DefaultReading.swift in Sources */ = {isa = PBXBuildFile; fileRef = 834DA8BD1BD267E50066C8C0 /* DefaultReading.swift */; };
		834F57651BB51DE700160B88 /* StarsView.swift in Sources */ = {isa = PBXBuildFile; fileRef = 834F57641BB51DE700160B88 /* StarsView.swift */; };
		834F57671BB5219D00160B88 /* spark.png in Resources */ = {isa = PBXBuildFile; fileRef = 834F57661BB5219D00160B88 /* spark.png */; };
		835440901BD0CA760040FF28 /* FileReader.swift in Sources */ = {isa = PBXBuildFile; fileRef = 8354408F1BD0CA760040FF28 /* FileReader.swift */; };
		835507621C0C34370096761C /* ViewController4.swift in Sources */ = {isa = PBXBuildFile; fileRef = 835507611C0C34370096761C /* ViewController4.swift */; };
		835507641C0C361A0096761C /* HomeView.swift in Sources */ = {isa = PBXBuildFile; fileRef = 835507631C0C361A0096761C /* HomeView.swift */; };
		835797CB1BCF46D1008EF95B /* Reading.swift in Sources */ = {isa = PBXBuildFile; fileRef = 835797CA1BCF46D1008EF95B /* Reading.swift */; };
		835E9D441BDB6970007C9480 /* blissboms.json in Resources */ = {isa = PBXBuildFile; fileRef = 835E9D431BDB6970007C9480 /* blissboms.json */; };
		83696F881BB288460007BA5C /* SelectController.swift in Sources */ = {isa = PBXBuildFile; fileRef = 83696F871BB288460007BA5C /* SelectController.swift */; };
		83696F8A1BB2886C0007BA5C /* ArrayExtension.swift in Sources */ = {isa = PBXBuildFile; fileRef = 83696F891BB2886C0007BA5C /* ArrayExtension.swift */; };
		83696F8C1BB2892E0007BA5C /* HUDView.swift in Sources */ = {isa = PBXBuildFile; fileRef = 83696F8B1BB2892E0007BA5C /* HUDView.swift */; };
		83696F901BB289790007BA5C /* CardViewRectangle.swift in Sources */ = {isa = PBXBuildFile; fileRef = 83696F8F1BB289790007BA5C /* CardViewRectangle.swift */; };
		83696F921BB28A210007BA5C /* FateController.swift in Sources */ = {isa = PBXBuildFile; fileRef = 83696F911BB28A210007BA5C /* FateController.swift */; };
		83696F941BB28B590007BA5C /* SpiralController.swift in Sources */ = {isa = PBXBuildFile; fileRef = 83696F931BB28B590007BA5C /* SpiralController.swift */; };
		83696F981BB28BFE0007BA5C /* FishController.swift in Sources */ = {isa = PBXBuildFile; fileRef = 83696F971BB28BFE0007BA5C /* FishController.swift */; };
		83BC2F951C7D5BEE0022465B /* tap-hollow.aif in Resources */ = {isa = PBXBuildFile; fileRef = 83BC2F941C7D5BEE0022465B /* tap-hollow.aif */; };
		83BC2F971C7D5E630022465B /* tap-mellow.aif in Resources */ = {isa = PBXBuildFile; fileRef = 83BC2F961C7D5E630022465B /* tap-mellow.aif */; };
/* End PBXBuildFile section */

/* Begin PBXContainerItemProxy section */
		8308516A1BB15B2E0015A6CA /* PBXContainerItemProxy */ = {
			isa = PBXContainerItemProxy;
			containerPortal = 8308514A1BB15B2E0015A6CA /* Project object */;
			proxyType = 1;
			remoteGlobalIDString = 830851511BB15B2E0015A6CA;
			remoteInfo = "Bliss Boms";
		};
/* End PBXContainerItemProxy section */

/* Begin PBXFileReference section */
		830851521BB15B2E0015A6CA /* Bliss Boms.app */ = {isa = PBXFileReference; explicitFileType = wrapper.application; includeInIndex = 0; path = "Bliss Boms.app"; sourceTree = BUILT_PRODUCTS_DIR; };
		830851561BB15B2E0015A6CA /* Info.plist */ = {isa = PBXFileReference; lastKnownFileType = text.plist.xml; path = Info.plist; sourceTree = "<group>"; };
		830851571BB15B2E0015A6CA /* AppDelegate.swift */ = {isa = PBXFileReference; lastKnownFileType = sourcecode.swift; path = AppDelegate.swift; sourceTree = "<group>"; };
		8308515E1BB15B2E0015A6CA /* Base */ = {isa = PBXFileReference; lastKnownFileType = file.storyboard; name = Base; path = Base.lproj/Main.storyboard; sourceTree = "<group>"; };
		830851601BB15B2E0015A6CA /* Images.xcassets */ = {isa = PBXFileReference; lastKnownFileType = folder.assetcatalog; path = Images.xcassets; sourceTree = "<group>"; };
		830851631BB15B2E0015A6CA /* Base */ = {isa = PBXFileReference; lastKnownFileType = file.xib; name = Base; path = Base.lproj/LaunchScreen.xib; sourceTree = "<group>"; };
		830851691BB15B2E0015A6CA /* Bliss BomsTests.xctest */ = {isa = PBXFileReference; explicitFileType = wrapper.cfbundle; includeInIndex = 0; path = "Bliss BomsTests.xctest"; sourceTree = BUILT_PRODUCTS_DIR; };
		8308516E1BB15B2E0015A6CA /* Info.plist */ = {isa = PBXFileReference; lastKnownFileType = text.plist.xml; path = Info.plist; sourceTree = "<group>"; };
		8308516F1BB15B2E0015A6CA /* Bliss_BomsTests.swift */ = {isa = PBXFileReference; lastKnownFileType = sourcecode.swift; path = Bliss_BomsTests.swift; sourceTree = "<group>"; };
		830851791BB1639B0015A6CA /* ViewController1.swift */ = {isa = PBXFileReference; fileEncoding = 4; lastKnownFileType = sourcecode.swift; path = ViewController1.swift; sourceTree = "<group>"; };
		8308517B1BB163C90015A6CA /* ViewController2.swift */ = {isa = PBXFileReference; fileEncoding = 4; lastKnownFileType = sourcecode.swift; path = ViewController2.swift; sourceTree = "<group>"; };
		8308517D1BB163EC0015A6CA /* ViewController3.swift */ = {isa = PBXFileReference; fileEncoding = 4; lastKnownFileType = sourcecode.swift; path = ViewController3.swift; sourceTree = "<group>"; };
		830851881BB165EA0015A6CA /* PageItemController.swift */ = {isa = PBXFileReference; fileEncoding = 4; lastKnownFileType = sourcecode.swift; path = PageItemController.swift; sourceTree = "<group>"; };
		8308518A1BB166200015A6CA /* CardView.swift */ = {isa = PBXFileReference; fileEncoding = 4; lastKnownFileType = sourcecode.swift; path = CardView.swift; sourceTree = "<group>"; };
		8308518C1BB166790015A6CA /* TapLabelView.swift */ = {isa = PBXFileReference; fileEncoding = 4; lastKnownFileType = sourcecode.swift; path = TapLabelView.swift; sourceTree = "<group>"; };
		8308518E1BB166850015A6CA /* ReadingView.swift */ = {isa = PBXFileReference; fileEncoding = 4; lastKnownFileType = sourcecode.swift; path = ReadingView.swift; sourceTree = "<group>"; };
		830851911BB166AC0015A6CA /* Config.swift */ = {isa = PBXFileReference; fileEncoding = 4; lastKnownFileType = sourcecode.swift; path = Config.swift; sourceTree = "<group>"; };
		834B17831BD8AE5D00D3F067 /* SnakeController.swift */ = {isa = PBXFileReference; fileEncoding = 4; lastKnownFileType = sourcecode.swift; path = SnakeController.swift; sourceTree = "<group>"; };
		834B3B2D1BD3511E00171623 /* ReadingManager.swift */ = {isa = PBXFileReference; fileEncoding = 4; lastKnownFileType = sourcecode.swift; path = ReadingManager.swift; sourceTree = "<group>"; };
		834B59271BBA4DEC0067D8EB /* GameController.swift */ = {isa = PBXFileReference; fileEncoding = 4; lastKnownFileType = sourcecode.swift; path = GameController.swift; sourceTree = "<group>"; };
		834DA5F51BB3C58800A9B2BF /* DealController.swift */ = {isa = PBXFileReference; fileEncoding = 4; lastKnownFileType = sourcecode.swift; path = DealController.swift; sourceTree = "<group>"; };
		834DA8BD1BD267E50066C8C0 /* DefaultReading.swift */ = {isa = PBXFileReference; fileEncoding = 4; lastKnownFileType = sourcecode.swift; path = DefaultReading.swift; sourceTree = "<group>"; };
		834F57641BB51DE700160B88 /* StarsView.swift */ = {isa = PBXFileReference; fileEncoding = 4; lastKnownFileType = sourcecode.swift; path = StarsView.swift; sourceTree = "<group>"; };
		834F57661BB5219D00160B88 /* spark.png */ = {isa = PBXFileReference; lastKnownFileType = image.png; path = spark.png; sourceTree = "<group>"; };
		8354408F1BD0CA760040FF28 /* FileReader.swift */ = {isa = PBXFileReference; fileEncoding = 4; lastKnownFileType = sourcecode.swift; path = FileReader.swift; sourceTree = "<group>"; };
		835507611C0C34370096761C /* ViewController4.swift */ = {isa = PBXFileReference; fileEncoding = 4; lastKnownFileType = sourcecode.swift; path = ViewController4.swift; sourceTree = "<group>"; };
		835507631C0C361A0096761C /* HomeView.swift */ = {isa = PBXFileReference; fileEncoding = 4; lastKnownFileType = sourcecode.swift; path = HomeView.swift; sourceTree = "<group>"; };
		835797CA1BCF46D1008EF95B /* Reading.swift */ = {isa = PBXFileReference; fileEncoding = 4; lastKnownFileType = sourcecode.swift; path = Reading.swift; sourceTree = "<group>"; };
		835E9D431BDB6970007C9480 /* blissboms.json */ = {isa = PBXFileReference; fileEncoding = 4; lastKnownFileType = text.json; path = blissboms.json; sourceTree = "<group>"; };
		83696F871BB288460007BA5C /* SelectController.swift */ = {isa = PBXFileReference; fileEncoding = 4; lastKnownFileType = sourcecode.swift; path = SelectController.swift; sourceTree = "<group>"; };
		83696F891BB2886C0007BA5C /* ArrayExtension.swift */ = {isa = PBXFileReference; fileEncoding = 4; lastKnownFileType = sourcecode.swift; path = ArrayExtension.swift; sourceTree = "<group>"; };
		83696F8B1BB2892E0007BA5C /* HUDView.swift */ = {isa = PBXFileReference; fileEncoding = 4; lastKnownFileType = sourcecode.swift; path = HUDView.swift; sourceTree = "<group>"; };
		83696F8F1BB289790007BA5C /* CardViewRectangle.swift */ = {isa = PBXFileReference; fileEncoding = 4; lastKnownFileType = sourcecode.swift; path = CardViewRectangle.swift; sourceTree = "<group>"; };
		83696F911BB28A210007BA5C /* FateController.swift */ = {isa = PBXFileReference; fileEncoding = 4; lastKnownFileType = sourcecode.swift; path = FateController.swift; sourceTree = "<group>"; };
		83696F931BB28B590007BA5C /* SpiralController.swift */ = {isa = PBXFileReference; fileEncoding = 4; lastKnownFileType = sourcecode.swift; path = SpiralController.swift; sourceTree = "<group>"; };
		83696F971BB28BFE0007BA5C /* FishController.swift */ = {isa = PBXFileReference; fileEncoding = 4; lastKnownFileType = sourcecode.swift; path = FishController.swift; sourceTree = "<group>"; };
		83BC2F941C7D5BEE0022465B /* tap-hollow.aif */ = {isa = PBXFileReference; lastKnownFileType = file; path = "tap-hollow.aif"; sourceTree = "<group>"; };
		83BC2F961C7D5E630022465B /* tap-mellow.aif */ = {isa = PBXFileReference; lastKnownFileType = file; path = "tap-mellow.aif"; sourceTree = "<group>"; };
/* End PBXFileReference section */

/* Begin PBXFrameworksBuildPhase section */
		8308514F1BB15B2E0015A6CA /* Frameworks */ = {
			isa = PBXFrameworksBuildPhase;
			buildActionMask = 2147483647;
			files = (
			);
			runOnlyForDeploymentPostprocessing = 0;
		};
		830851661BB15B2E0015A6CA /* Frameworks */ = {
			isa = PBXFrameworksBuildPhase;
			buildActionMask = 2147483647;
			files = (
			);
			runOnlyForDeploymentPostprocessing = 0;
		};
/* End PBXFrameworksBuildPhase section */

/* Begin PBXGroup section */
		830851491BB15B2E0015A6CA = {
			isa = PBXGroup;
			children = (
				830851541BB15B2E0015A6CA /* Bliss Boms */,
				8308516C1BB15B2E0015A6CA /* Bliss BomsTests */,
				830851531BB15B2E0015A6CA /* Products */,
			);
			sourceTree = "<group>";
		};
		830851531BB15B2E0015A6CA /* Products */ = {
			isa = PBXGroup;
			children = (
				830851521BB15B2E0015A6CA /* Bliss Boms.app */,
				830851691BB15B2E0015A6CA /* Bliss BomsTests.xctest */,
			);
			name = Products;
			sourceTree = "<group>";
		};
		830851541BB15B2E0015A6CA /* Bliss Boms */ = {
			isa = PBXGroup;
			children = (
				830851911BB166AC0015A6CA /* Config.swift */,
				830851831BB1651B0015A6CA /* Classes */,
				8308517F1BB164F30015A6CA /* Assets */,
				830851571BB15B2E0015A6CA /* AppDelegate.swift */,
				830851791BB1639B0015A6CA /* ViewController1.swift */,
				8308517B1BB163C90015A6CA /* ViewController2.swift */,
				8308517D1BB163EC0015A6CA /* ViewController3.swift */,
				835507611C0C34370096761C /* ViewController4.swift */,
				8308515D1BB15B2E0015A6CA /* Main.storyboard */,
				830851601BB15B2E0015A6CA /* Images.xcassets */,
				830851621BB15B2E0015A6CA /* LaunchScreen.xib */,
				830851551BB15B2E0015A6CA /* Supporting Files */,
			);
			path = "Bliss Boms";
			sourceTree = "<group>";
		};
		830851551BB15B2E0015A6CA /* Supporting Files */ = {
			isa = PBXGroup;
			children = (
				830851561BB15B2E0015A6CA /* Info.plist */,
			);
			name = "Supporting Files";
			sourceTree = "<group>";
		};
		8308516C1BB15B2E0015A6CA /* Bliss BomsTests */ = {
			isa = PBXGroup;
			children = (
				8308516F1BB15B2E0015A6CA /* Bliss_BomsTests.swift */,
				8308516D1BB15B2E0015A6CA /* Supporting Files */,
			);
			path = "Bliss BomsTests";
			sourceTree = "<group>";
		};
		8308516D1BB15B2E0015A6CA /* Supporting Files */ = {
			isa = PBXGroup;
			children = (
				8308516E1BB15B2E0015A6CA /* Info.plist */,
			);
			name = "Supporting Files";
			sourceTree = "<group>";
		};
		8308517F1BB164F30015A6CA /* Assets */ = {
			isa = PBXGroup;
			children = (
				83BC2F931C7D5BA00022465B /* Sounds */,
				830851821BB165130015A6CA /* Texts */,
				830851801BB164FF0015A6CA /* Particles */,
			);
			name = Assets;
			sourceTree = "<group>";
		};
		830851801BB164FF0015A6CA /* Particles */ = {
			isa = PBXGroup;
			children = (
				834F57661BB5219D00160B88 /* spark.png */,
			);
			name = Particles;
			sourceTree = "<group>";
		};
		830851821BB165130015A6CA /* Texts */ = {
			isa = PBXGroup;
			children = (
				835E9D431BDB6970007C9480 /* blissboms.json */,
			);
			name = Texts;
			sourceTree = "<group>";
		};
		830851831BB1651B0015A6CA /* Classes */ = {
			isa = PBXGroup;
			children = (
				830851871BB165630015A6CA /* Extensions */,
				830851851BB165410015A6CA /* Models */,
				830851841BB165290015A6CA /* Views */,
				830851861BB1654D0015A6CA /* Controllers */,
			);
			name = Classes;
			sourceTree = "<group>";
		};
		830851841BB165290015A6CA /* Views */ = {
			isa = PBXGroup;
			children = (
				8308518A1BB166200015A6CA /* CardView.swift */,
				83696F8F1BB289790007BA5C /* CardViewRectangle.swift */,
				83696F8B1BB2892E0007BA5C /* HUDView.swift */,
				8308518E1BB166850015A6CA /* ReadingView.swift */,
				8308518C1BB166790015A6CA /* TapLabelView.swift */,
				834F57641BB51DE700160B88 /* StarsView.swift */,
				835507631C0C361A0096761C /* HomeView.swift */,
			);
			name = Views;
			sourceTree = "<group>";
		};
		830851851BB165410015A6CA /* Models */ = {
			isa = PBXGroup;
			children = (
				835797CA1BCF46D1008EF95B /* Reading.swift */,
				834DA8BD1BD267E50066C8C0 /* DefaultReading.swift */,
				8354408F1BD0CA760040FF28 /* FileReader.swift */,
				834B3B2D1BD3511E00171623 /* ReadingManager.swift */,
			);
			name = Models;
			sourceTree = "<group>";
		};
		830851861BB1654D0015A6CA /* Controllers */ = {
			isa = PBXGroup;
			children = (
				834B59271BBA4DEC0067D8EB /* GameController.swift */,
				83696F871BB288460007BA5C /* SelectController.swift */,
				834DA5F51BB3C58800A9B2BF /* DealController.swift */,
				83696F931BB28B590007BA5C /* SpiralController.swift */,
				83696F971BB28BFE0007BA5C /* FishController.swift */,
				834B17831BD8AE5D00D3F067 /* SnakeController.swift */,
				83696F911BB28A210007BA5C /* FateController.swift */,
				830851881BB165EA0015A6CA /* PageItemController.swift */,
			);
			name = Controllers;
			sourceTree = "<group>";
		};
		830851871BB165630015A6CA /* Extensions */ = {
			isa = PBXGroup;
			children = (
				83696F891BB2886C0007BA5C /* ArrayExtension.swift */,
			);
			name = Extensions;
			sourceTree = "<group>";
		};
		83BC2F931C7D5BA00022465B /* Sounds */ = {
			isa = PBXGroup;
			children = (
				83BC2F961C7D5E630022465B /* tap-mellow.aif */,
				83BC2F941C7D5BEE0022465B /* tap-hollow.aif */,
			);
			name = Sounds;
			sourceTree = "<group>";
		};
/* End PBXGroup section */

/* Begin PBXNativeTarget section */
		830851511BB15B2E0015A6CA /* Bliss Boms */ = {
			isa = PBXNativeTarget;
			buildConfigurationList = 830851731BB15B2E0015A6CA /* Build configuration list for PBXNativeTarget "Bliss Boms" */;
			buildPhases = (
				8308514E1BB15B2E0015A6CA /* Sources */,
				8308514F1BB15B2E0015A6CA /* Frameworks */,
				830851501BB15B2E0015A6CA /* Resources */,
			);
			buildRules = (
			);
			dependencies = (
			);
			name = "Bliss Boms";
			productName = "Bliss Boms";
			productReference = 830851521BB15B2E0015A6CA /* Bliss Boms.app */;
			productType = "com.apple.product-type.application";
		};
		830851681BB15B2E0015A6CA /* Bliss BomsTests */ = {
			isa = PBXNativeTarget;
			buildConfigurationList = 830851761BB15B2E0015A6CA /* Build configuration list for PBXNativeTarget "Bliss BomsTests" */;
			buildPhases = (
				830851651BB15B2E0015A6CA /* Sources */,
				830851661BB15B2E0015A6CA /* Frameworks */,
				830851671BB15B2E0015A6CA /* Resources */,
			);
			buildRules = (
			);
			dependencies = (
				8308516B1BB15B2E0015A6CA /* PBXTargetDependency */,
			);
			name = "Bliss BomsTests";
			productName = "Bliss BomsTests";
			productReference = 830851691BB15B2E0015A6CA /* Bliss BomsTests.xctest */;
			productType = "com.apple.product-type.bundle.unit-test";
		};
/* End PBXNativeTarget section */

/* Begin PBXProject section */
		8308514A1BB15B2E0015A6CA /* Project object */ = {
			isa = PBXProject;
			attributes = {
				LastSwiftUpdateCheck = 0710;
				LastUpgradeCheck = 0710;
				ORGANIZATIONNAME = "Christine Newbery";
				TargetAttributes = {
					830851511BB15B2E0015A6CA = {
						CreatedOnToolsVersion = 6.4;
						DevelopmentTeam = HMUPTRE7J2;
					};
					830851681BB15B2E0015A6CA = {
						CreatedOnToolsVersion = 6.4;
						TestTargetID = 830851511BB15B2E0015A6CA;
					};
				};
			};
			buildConfigurationList = 8308514D1BB15B2E0015A6CA /* Build configuration list for PBXProject "Bliss Boms" */;
			compatibilityVersion = "Xcode 3.2";
			developmentRegion = English;
			hasScannedForEncodings = 0;
			knownRegions = (
				en,
				Base,
			);
			mainGroup = 830851491BB15B2E0015A6CA;
			productRefGroup = 830851531BB15B2E0015A6CA /* Products */;
			projectDirPath = "";
			projectRoot = "";
			targets = (
				830851511BB15B2E0015A6CA /* Bliss Boms */,
				830851681BB15B2E0015A6CA /* Bliss BomsTests */,
			);
		};
/* End PBXProject section */

/* Begin PBXResourcesBuildPhase section */
		830851501BB15B2E0015A6CA /* Resources */ = {
			isa = PBXResourcesBuildPhase;
			buildActionMask = 2147483647;
			files = (
				834F57671BB5219D00160B88 /* spark.png in Resources */,
				8308515F1BB15B2E0015A6CA /* Main.storyboard in Resources */,
				830851641BB15B2E0015A6CA /* LaunchScreen.xib in Resources */,
				835E9D441BDB6970007C9480 /* blissboms.json in Resources */,
				83BC2F971C7D5E630022465B /* tap-mellow.aif in Resources */,
				830851611BB15B2E0015A6CA /* Images.xcassets in Resources */,
				83BC2F951C7D5BEE0022465B /* tap-hollow.aif in Resources */,
			);
			runOnlyForDeploymentPostprocessing = 0;
		};
		830851671BB15B2E0015A6CA /* Resources */ = {
			isa = PBXResourcesBuildPhase;
			buildActionMask = 2147483647;
			files = (
			);
			runOnlyForDeploymentPostprocessing = 0;
		};
/* End PBXResourcesBuildPhase section */

/* Begin PBXSourcesBuildPhase section */
		8308514E1BB15B2E0015A6CA /* Sources */ = {
			isa = PBXSourcesBuildPhase;
			buildActionMask = 2147483647;
			files = (
				8308517C1BB163C90015A6CA /* ViewController2.swift in Sources */,
				830851891BB165EA0015A6CA /* PageItemController.swift in Sources */,
				8308517A1BB1639B0015A6CA /* ViewController1.swift in Sources */,
				83696F8C1BB2892E0007BA5C /* HUDView.swift in Sources */,
				8308517E1BB163EC0015A6CA /* ViewController3.swift in Sources */,
				830851921BB166AC0015A6CA /* Config.swift in Sources */,
				830851581BB15B2E0015A6CA /* AppDelegate.swift in Sources */,
				8308518D1BB166790015A6CA /* TapLabelView.swift in Sources */,
				8308518B1BB166200015A6CA /* CardView.swift in Sources */,
				83696F881BB288460007BA5C /* SelectController.swift in Sources */,
				835797CB1BCF46D1008EF95B /* Reading.swift in Sources */,
				834DA8BE1BD267E50066C8C0 /* DefaultReading.swift in Sources */,
				834DA5F61BB3C58800A9B2BF /* DealController.swift in Sources */,
				834B59281BBA4DEC0067D8EB /* GameController.swift in Sources */,
				83696F901BB289790007BA5C /* CardViewRectangle.swift in Sources */,
				835507641C0C361A0096761C /* HomeView.swift in Sources */,
				83696F8A1BB2886C0007BA5C /* ArrayExtension.swift in Sources */,
				834B3B2E1BD3511E00171623 /* ReadingManager.swift in Sources */,
				834B17841BD8AE5D00D3F067 /* SnakeController.swift in Sources */,
				83696F921BB28A210007BA5C /* FateController.swift in Sources */,
				8308518F1BB166850015A6CA /* ReadingView.swift in Sources */,
				83696F981BB28BFE0007BA5C /* FishController.swift in Sources */,
				83696F941BB28B590007BA5C /* SpiralController.swift in Sources */,
				835440901BD0CA760040FF28 /* FileReader.swift in Sources */,
				834F57651BB51DE700160B88 /* StarsView.swift in Sources */,
				835507621C0C34370096761C /* ViewController4.swift in Sources */,
			);
			runOnlyForDeploymentPostprocessing = 0;
		};
		830851651BB15B2E0015A6CA /* Sources */ = {
			isa = PBXSourcesBuildPhase;
			buildActionMask = 2147483647;
			files = (
				830851701BB15B2E0015A6CA /* Bliss_BomsTests.swift in Sources */,
			);
			runOnlyForDeploymentPostprocessing = 0;
		};
/* End PBXSourcesBuildPhase section */

/* Begin PBXTargetDependency section */
		8308516B1BB15B2E0015A6CA /* PBXTargetDependency */ = {
			isa = PBXTargetDependency;
			target = 830851511BB15B2E0015A6CA /* Bliss Boms */;
			targetProxy = 8308516A1BB15B2E0015A6CA /* PBXContainerItemProxy */;
		};
/* End PBXTargetDependency section */

/* Begin PBXVariantGroup section */
		8308515D1BB15B2E0015A6CA /* Main.storyboard */ = {
			isa = PBXVariantGroup;
			children = (
				8308515E1BB15B2E0015A6CA /* Base */,
			);
			name = Main.storyboard;
			sourceTree = "<group>";
		};
		830851621BB15B2E0015A6CA /* LaunchScreen.xib */ = {
			isa = PBXVariantGroup;
			children = (
				830851631BB15B2E0015A6CA /* Base */,
			);
			name = LaunchScreen.xib;
			sourceTree = "<group>";
		};
/* End PBXVariantGroup section */

/* Begin XCBuildConfiguration section */
		830851711BB15B2E0015A6CA /* Debug */ = {
			isa = XCBuildConfiguration;
			buildSettings = {
				ALWAYS_SEARCH_USER_PATHS = NO;
				CLANG_CXX_LANGUAGE_STANDARD = "gnu++0x";
				CLANG_CXX_LIBRARY = "libc++";
				CLANG_ENABLE_MODULES = YES;
				CLANG_ENABLE_OBJC_ARC = YES;
				CLANG_WARN_BOOL_CONVERSION = YES;
				CLANG_WARN_CONSTANT_CONVERSION = YES;
				CLANG_WARN_DIRECT_OBJC_ISA_USAGE = YES_ERROR;
				CLANG_WARN_EMPTY_BODY = YES;
				CLANG_WARN_ENUM_CONVERSION = YES;
				CLANG_WARN_INT_CONVERSION = YES;
				CLANG_WARN_OBJC_ROOT_CLASS = YES_ERROR;
				CLANG_WARN_UNREACHABLE_CODE = YES;
				CLANG_WARN__DUPLICATE_METHOD_MATCH = YES;
				"CODE_SIGN_IDENTITY[sdk=iphoneos*]" = "iPhone Developer";
				COPY_PHASE_STRIP = NO;
				DEBUG_INFORMATION_FORMAT = "dwarf-with-dsym";
				ENABLE_STRICT_OBJC_MSGSEND = YES;
				ENABLE_TESTABILITY = YES;
				GCC_C_LANGUAGE_STANDARD = gnu99;
				GCC_DYNAMIC_NO_PIC = NO;
				GCC_NO_COMMON_BLOCKS = YES;
				GCC_OPTIMIZATION_LEVEL = 0;
				GCC_PREPROCESSOR_DEFINITIONS = (
					"DEBUG=1",
					"$(inherited)",
				);
				GCC_SYMBOLS_PRIVATE_EXTERN = NO;
				GCC_WARN_64_TO_32_BIT_CONVERSION = YES;
				GCC_WARN_ABOUT_RETURN_TYPE = YES_ERROR;
				GCC_WARN_UNDECLARED_SELECTOR = YES;
				GCC_WARN_UNINITIALIZED_AUTOS = YES_AGGRESSIVE;
				GCC_WARN_UNUSED_FUNCTION = YES;
				GCC_WARN_UNUSED_VARIABLE = YES;
				IPHONEOS_DEPLOYMENT_TARGET = 8.4;
				MTL_ENABLE_DEBUG_INFO = YES;
				ONLY_ACTIVE_ARCH = YES;
				SDKROOT = iphoneos;
				SWIFT_OPTIMIZATION_LEVEL = "-Onone";
			};
			name = Debug;
		};
		830851721BB15B2E0015A6CA /* Release */ = {
			isa = XCBuildConfiguration;
			buildSettings = {
				ALWAYS_SEARCH_USER_PATHS = NO;
				CLANG_CXX_LANGUAGE_STANDARD = "gnu++0x";
				CLANG_CXX_LIBRARY = "libc++";
				CLANG_ENABLE_MODULES = YES;
				CLANG_ENABLE_OBJC_ARC = YES;
				CLANG_WARN_BOOL_CONVERSION = YES;
				CLANG_WARN_CONSTANT_CONVERSION = YES;
				CLANG_WARN_DIRECT_OBJC_ISA_USAGE = YES_ERROR;
				CLANG_WARN_EMPTY_BODY = YES;
				CLANG_WARN_ENUM_CONVERSION = YES;
				CLANG_WARN_INT_CONVERSION = YES;
				CLANG_WARN_OBJC_ROOT_CLASS = YES_ERROR;
				CLANG_WARN_UNREACHABLE_CODE = YES;
				CLANG_WARN__DUPLICATE_METHOD_MATCH = YES;
				"CODE_SIGN_IDENTITY[sdk=iphoneos*]" = "iPhone Developer";
				COPY_PHASE_STRIP = NO;
				DEBUG_INFORMATION_FORMAT = "dwarf-with-dsym";
				ENABLE_NS_ASSERTIONS = NO;
				ENABLE_STRICT_OBJC_MSGSEND = YES;
				GCC_C_LANGUAGE_STANDARD = gnu99;
				GCC_NO_COMMON_BLOCKS = YES;
				GCC_WARN_64_TO_32_BIT_CONVERSION = YES;
				GCC_WARN_ABOUT_RETURN_TYPE = YES_ERROR;
				GCC_WARN_UNDECLARED_SELECTOR = YES;
				GCC_WARN_UNINITIALIZED_AUTOS = YES_AGGRESSIVE;
				GCC_WARN_UNUSED_FUNCTION = YES;
				GCC_WARN_UNUSED_VARIABLE = YES;
				IPHONEOS_DEPLOYMENT_TARGET = 8.4;
				MTL_ENABLE_DEBUG_INFO = NO;
				SDKROOT = iphoneos;
				VALIDATE_PRODUCT = YES;
			};
			name = Release;
		};
		830851741BB15B2E0015A6CA /* Debug */ = {
			isa = XCBuildConfiguration;
			buildSettings = {
				ASSETCATALOG_COMPILER_APPICON_NAME = AppIcon;
				CODE_SIGN_IDENTITY = "iPhone Developer";
				INFOPLIST_FILE = "Bliss Boms/Info.plist";
				IPHONEOS_DEPLOYMENT_TARGET = 8.0;
				LD_RUNPATH_SEARCH_PATHS = "$(inherited) @executable_path/Frameworks";
				PRODUCT_BUNDLE_IDENTIFIER = "com.christinenewbery.$(PRODUCT_NAME:rfc1034identifier)";
				PRODUCT_NAME = "$(TARGET_NAME)";
				TARGETED_DEVICE_FAMILY = "1,2";
			};
			name = Debug;
		};
		830851751BB15B2E0015A6CA /* Release */ = {
			isa = XCBuildConfiguration;
			buildSettings = {
				ASSETCATALOG_COMPILER_APPICON_NAME = AppIcon;
				CODE_SIGN_IDENTITY = "iPhone Developer";
				INFOPLIST_FILE = "Bliss Boms/Info.plist";
				"INSTALL_OWNER[sdk=*]" = "Christine Newbery";
				IPHONEOS_DEPLOYMENT_TARGET = 8.0;
				LD_RUNPATH_SEARCH_PATHS = "$(inherited) @executable_path/Frameworks";
				PRODUCT_BUNDLE_IDENTIFIER = "com.christinenewbery.$(PRODUCT_NAME:rfc1034identifier)";
				PRODUCT_NAME = "$(TARGET_NAME)";
				TARGETED_DEVICE_FAMILY = "1,2";
			};
			name = Release;
		};
		830851771BB15B2E0015A6CA /* Debug */ = {
			isa = XCBuildConfiguration;
			buildSettings = {
				BUNDLE_LOADER = "$(TEST_HOST)";
				FRAMEWORK_SEARCH_PATHS = "";
				GCC_PREPROCESSOR_DEFINITIONS = (
					"DEBUG=1",
					"$(inherited)",
				);
				INFOPLIST_FILE = "Bliss BomsTests/Info.plist";
				LD_RUNPATH_SEARCH_PATHS = "$(inherited) @executable_path/Frameworks @loader_path/Frameworks";
				PRODUCT_BUNDLE_IDENTIFIER = "com.christinenewbery.$(PRODUCT_NAME:rfc1034identifier)";
				PRODUCT_NAME = "$(TARGET_NAME)";
				TEST_HOST = "$(BUILT_PRODUCTS_DIR)/Bliss Boms.app/Bliss Boms";
			};
			name = Debug;
		};
		830851781BB15B2E0015A6CA /* Release */ = {
			isa = XCBuildConfiguration;
			buildSettings = {
				BUNDLE_LOADER = "$(TEST_HOST)";
				FRAMEWORK_SEARCH_PATHS = "";
				INFOPLIST_FILE = "Bliss BomsTests/Info.plist";
				LD_RUNPATH_SEARCH_PATHS = "$(inherited) @executable_path/Frameworks @loader_path/Frameworks";
				PRODUCT_BUNDLE_IDENTIFIER = "com.christinenewbery.$(PRODUCT_NAME:rfc1034identifier)";
				PRODUCT_NAME = "$(TARGET_NAME)";
				TEST_HOST = "$(BUILT_PRODUCTS_DIR)/Bliss Boms.app/Bliss Boms";
			};
			name = Release;
		};
/* End XCBuildConfiguration section */

/* Begin XCConfigurationList section */
		8308514D1BB15B2E0015A6CA /* Build configuration list for PBXProject "Bliss Boms" */ = {
			isa = XCConfigurationList;
			buildConfigurations = (
				830851711BB15B2E0015A6CA /* Debug */,
				830851721BB15B2E0015A6CA /* Release */,
			);
			defaultConfigurationIsVisible = 0;
			defaultConfigurationName = Release;
		};
		830851731BB15B2E0015A6CA /* Build configuration list for PBXNativeTarget "Bliss Boms" */ = {
			isa = XCConfigurationList;
			buildConfigurations = (
				830851741BB15B2E0015A6CA /* Debug */,
				830851751BB15B2E0015A6CA /* Release */,
			);
			defaultConfigurationIsVisible = 0;
			defaultConfigurationName = Release;
		};
		830851761BB15B2E0015A6CA /* Build configuration list for PBXNativeTarget "Bliss BomsTests" */ = {
			isa = XCConfigurationList;
			buildConfigurations = (
				830851771BB15B2E0015A6CA /* Debug */,
				830851781BB15B2E0015A6CA /* Release */,
			);
			defaultConfigurationIsVisible = 0;
			defaultConfigurationName = Release;
		};
/* End XCConfigurationList section */
	};
	rootObject = 8308514A1BB15B2E0015A6CA /* Project object */;
}
